
Microsoft Visual Studio Solution File, Format Version 12.00
# Visual Studio Version 17
VisualStudioVersion = 17.9.34526.213
MinimumVisualStudioVersion = 10.0.40219.1
Project("{9A19103F-16F7-4668-BE54-9A1E7A4F7556}") = "TunNetCom.AionTime.TimeLogService.Domain", "src\TunNetCom.AionTime.TimeLogService\TunNetCom.AionTime.TimeLogService.Domain\TunNetCom.AionTime.TimeLogService.Domain.csproj", "{675B95E6-2277-44E4-9D29-C8BA92C55B8F}"
EndProject
Project("{2150E333-8FDC-42A3-9474-1A3956D46DE8}") = "src", "src", "{97CACF4A-AA5F-4755-AB9D-C164B81B497E}"
EndProject
Project("{2150E333-8FDC-42A3-9474-1A3956D46DE8}") = "test", "test", "{641ADFEA-5755-4724-9A95-237298626BDA}"
EndProject
Project("{9A19103F-16F7-4668-BE54-9A1E7A4F7556}") = "TunNetCom.AionTime.TimeLogService.API", "src\TunNetCom.AionTime.TimeLogService\TunNetCom.AionTime.TimeLogService.Budget.API\TunNetCom.AionTime.TimeLogService.API.csproj", "{93A58C27-047A-4C95-9A4D-BB10B1BF4512}"
EndProject
Project("{00D1A9C2-B5F0-4AF3-8072-F6C62B433612}") = "TunNetCom.AionTime.TimeLogService.Database", "src\TunNetCom.AionTime.TimeLogService\TunNetCom.AionTime.TimeLogService.DataBase\TunNetCom.AionTime.TimeLogService.Database.sqlproj", "{A32F3C43-2A64-46CE-9B84-7EA07A7E08E1}"
EndProject
Project("{00D1A9C2-B5F0-4AF3-8072-F6C62B433612}") = "TunNetCom.AionTime.AzureDevopsService.Database", "src\TunNetCom.AionTime.AzureDevopsService\TunNetCom.AionTime.AzureDevopsService.Database\TunNetCom.AionTime.AzureDevopsService.Database.sqlproj", "{7F6C83BB-8A56-43CF-82C0-B6D6DF8F8B3A}"
EndProject
Project("{2150E333-8FDC-42A3-9474-1A3956D46DE8}") = "TimeLogService", "TimeLogService", "{4A46A43C-6D79-455A-8039-355120211320}"
EndProject
Project("{2150E333-8FDC-42A3-9474-1A3956D46DE8}") = "AzureDevopsService", "AzureDevopsService", "{B75B5856-BD77-4339-8247-0FA02F8AAF4D}"
EndProject
Project("{9A19103F-16F7-4668-BE54-9A1E7A4F7556}") = "TunNetCom.AionTime.TimeLogService.Infrastructure", "src\TunNetCom.AionTime.TimeLogService\TunNetCom.AionTime.TimeLogService.Infrastructure\TunNetCom.AionTime.TimeLogService.Infrastructure.csproj", "{473BA510-4088-4A23-9A9E-133273A5CC93}"
EndProject
Project("{9A19103F-16F7-4668-BE54-9A1E7A4F7556}") = "TunNetCom.AionTime.TimeLogService.Application", "src\TunNetCom.AionTime.TimeLogService\TunNetCom.AionTime.TimeLogService.Application\TunNetCom.AionTime.TimeLogService.Application.csproj", "{8AB1FCC4-64E4-4302-9029-A44E4447D188}"
EndProject
Project("{9A19103F-16F7-4668-BE54-9A1E7A4F7556}") = "TunNetCom.AionTime.TimeLogService.Contracts", "src\TunNetCom.AionTime.TimeLogService\TunNetCom.AionTime.TimeLogService.Contracts\TunNetCom.AionTime.TimeLogService.Contracts.csproj", "{C94CD26C-7C15-45F6-918A-03C2DEFF2E59}"
EndProject
Project("{2150E333-8FDC-42A3-9474-1A3956D46DE8}") = "Solution Items", "Solution Items", "{B0897E97-4679-4ED2-B3D7-2C7A704576A1}"
	ProjectSection(SolutionItems) = preProject
		StyleCop.ruleset = StyleCop.ruleset
	EndProjectSection
EndProject
Project("{E53339B2-1760-4266-BCC7-CA923CBCF16C}") = "docker-compose", "docker-compose.dcproj", "{17EBABCA-4F24-4EF0-B596-EAC210C06F77}"
EndProject
Project("{9A19103F-16F7-4668-BE54-9A1E7A4F7556}") = "TunNetCom.AionTime.AzureDevopsService.API", "src\TunNetCom.AionTime.AzureDevopsService\TunNetCom.AionTime.AzureDevopsService.API\TunNetCom.AionTime.AzureDevopsService.API.csproj", "{8B651696-5225-4DDB-8615-FD0375602D6B}"
EndProject
Project("{2150E333-8FDC-42A3-9474-1A3956D46DE8}") = "UnitTests", "UnitTests", "{3C842555-EA0B-4A1A-8AA1-589296C4C7C1}"
EndProject
Project("{2150E333-8FDC-42A3-9474-1A3956D46DE8}") = "IntegrationTests", "IntegrationTests", "{32F24623-89BA-4085-92CE-E577BB2F520F}"
EndProject
Project("{2150E333-8FDC-42A3-9474-1A3956D46DE8}") = "FunctionnelTests", "FunctionnelTests", "{30199D22-9C94-4259-99E0-96BFB51E85A8}"
EndProject
Project("{9A19103F-16F7-4668-BE54-9A1E7A4F7556}") = "TunNetCom.AionTime.AzureDevopsService.UnitTest", "test\UnitTests\TunNetCom.AionTime.AzureDevopsService.UnitTest\TunNetCom.AionTime.AzureDevopsService.UnitTest.csproj", "{A97F9362-A47E-49A7-88DD-BAAABD8B37D2}"
EndProject
Project("{2150E333-8FDC-42A3-9474-1A3956D46DE8}") = "DockerConfigs", "DockerConfigs", "{B778042F-6DE9-4BCD-9972-41DAEF2DF78D}"
	ProjectSection(SolutionItems) = preProject
		dashboard.yml = dashboard.yml
		datasource.yml = datasource.yml
		dotnet-otel-dashboard.json = dotnet-otel-dashboard.json
		grafana.ini = grafana.ini
		jaeger-ui.json = jaeger-ui.json
		logs-dashbords.json = logs-dashbords.json
		loki.yml = loki.yml
		otel-collector-config.yml = otel-collector-config.yml
		prometheus.yml = prometheus.yml
	EndProjectSection
EndProject
Project("{2150E333-8FDC-42A3-9474-1A3956D46DE8}") = "AzureDevopsIdentityService", "AzureDevopsIdentityService", "{9E366E19-579D-44C0-99A4-41A663FB073C}"
EndProject
Project("{9A19103F-16F7-4668-BE54-9A1E7A4F7556}") = "AzureDevopsIdentityService", "src\AzureDevopsIdentityService\AzureDevopsIdentityService\AzureDevopsIdentityService.csproj", "{F6CF7704-A01E-4FDA-87F0-F9F2803921E7}"
EndProject
Project("{2150E333-8FDC-42A3-9474-1A3956D46DE8}") = "AzureDevopsWebhookService", "AzureDevopsWebhookService", "{CC5F5F89-EFAE-4139-9A59-A3DD6C97FC0A}"
EndProject
Project("{9A19103F-16F7-4668-BE54-9A1E7A4F7556}") = "AzureDevopsWebhookService.API", "src\AzureDevopsWebhookService\AzureDevopsWebhookService\AzureDevopsWebhookService.API.csproj", "{D16698A3-5BCC-46D0-AEAF-34F73DF41513}"
EndProject
Project("{9A19103F-16F7-4668-BE54-9A1E7A4F7556}") = "TunNetCom.AionTime.AzureDevops.WebhookService.Contracts", "src\AzureDevopsWebhookService\AzureDevopsWebhookService.Contracts\TunNetCom.AionTime.AzureDevops.WebhookService.Contracts.csproj", "{67889F83-8AA5-4F2E-9D79-75B316845A33}"
EndProject
Project("{9A19103F-16F7-4668-BE54-9A1E7A4F7556}") = "AzureDevopsWebhookService.Application", "src\AzureDevopsWebhookService\AzureDevopsWebhookService.Application\AzureDevopsWebhookService.Application.csproj", "{943FD55F-91A9-4361-89AE-55CE7C1C4714}"
EndProject
Project("{FAE04EC0-301F-11D3-BF4B-00C04F79EFBC}") = "AzureWebhookSharedModels", "..\SharedModels\AzureWebhookSharedModels.csproj", "{B3AF7BCC-1E55-405A-BAA6-7690126E9607}"
EndProject
Global
	GlobalSection(SolutionConfigurationPlatforms) = preSolution
		Debug|Any CPU = Debug|Any CPU
		Release|Any CPU = Release|Any CPU
	EndGlobalSection
	GlobalSection(ProjectConfigurationPlatforms) = postSolution
		{675B95E6-2277-44E4-9D29-C8BA92C55B8F}.Debug|Any CPU.ActiveCfg = Debug|Any CPU
		{675B95E6-2277-44E4-9D29-C8BA92C55B8F}.Debug|Any CPU.Build.0 = Debug|Any CPU
		{675B95E6-2277-44E4-9D29-C8BA92C55B8F}.Release|Any CPU.ActiveCfg = Release|Any CPU
		{675B95E6-2277-44E4-9D29-C8BA92C55B8F}.Release|Any CPU.Build.0 = Release|Any CPU
		{93A58C27-047A-4C95-9A4D-BB10B1BF4512}.Debug|Any CPU.ActiveCfg = Debug|Any CPU
		{93A58C27-047A-4C95-9A4D-BB10B1BF4512}.Debug|Any CPU.Build.0 = Debug|Any CPU
		{93A58C27-047A-4C95-9A4D-BB10B1BF4512}.Release|Any CPU.ActiveCfg = Release|Any CPU
		{93A58C27-047A-4C95-9A4D-BB10B1BF4512}.Release|Any CPU.Build.0 = Release|Any CPU
		{A32F3C43-2A64-46CE-9B84-7EA07A7E08E1}.Debug|Any CPU.ActiveCfg = Debug|Any CPU
		{A32F3C43-2A64-46CE-9B84-7EA07A7E08E1}.Debug|Any CPU.Build.0 = Debug|Any CPU
		{A32F3C43-2A64-46CE-9B84-7EA07A7E08E1}.Debug|Any CPU.Deploy.0 = Debug|Any CPU
		{A32F3C43-2A64-46CE-9B84-7EA07A7E08E1}.Release|Any CPU.ActiveCfg = Release|Any CPU
		{A32F3C43-2A64-46CE-9B84-7EA07A7E08E1}.Release|Any CPU.Build.0 = Release|Any CPU
		{A32F3C43-2A64-46CE-9B84-7EA07A7E08E1}.Release|Any CPU.Deploy.0 = Release|Any CPU
		{7F6C83BB-8A56-43CF-82C0-B6D6DF8F8B3A}.Debug|Any CPU.ActiveCfg = Debug|Any CPU
		{7F6C83BB-8A56-43CF-82C0-B6D6DF8F8B3A}.Debug|Any CPU.Build.0 = Debug|Any CPU
		{7F6C83BB-8A56-43CF-82C0-B6D6DF8F8B3A}.Debug|Any CPU.Deploy.0 = Debug|Any CPU
		{7F6C83BB-8A56-43CF-82C0-B6D6DF8F8B3A}.Release|Any CPU.ActiveCfg = Release|Any CPU
		{7F6C83BB-8A56-43CF-82C0-B6D6DF8F8B3A}.Release|Any CPU.Build.0 = Release|Any CPU
		{7F6C83BB-8A56-43CF-82C0-B6D6DF8F8B3A}.Release|Any CPU.Deploy.0 = Release|Any CPU
		{473BA510-4088-4A23-9A9E-133273A5CC93}.Debug|Any CPU.ActiveCfg = Debug|Any CPU
		{473BA510-4088-4A23-9A9E-133273A5CC93}.Debug|Any CPU.Build.0 = Debug|Any CPU
		{473BA510-4088-4A23-9A9E-133273A5CC93}.Release|Any CPU.ActiveCfg = Release|Any CPU
		{473BA510-4088-4A23-9A9E-133273A5CC93}.Release|Any CPU.Build.0 = Release|Any CPU
		{8AB1FCC4-64E4-4302-9029-A44E4447D188}.Debug|Any CPU.ActiveCfg = Debug|Any CPU
		{8AB1FCC4-64E4-4302-9029-A44E4447D188}.Debug|Any CPU.Build.0 = Debug|Any CPU
		{8AB1FCC4-64E4-4302-9029-A44E4447D188}.Release|Any CPU.ActiveCfg = Release|Any CPU
		{8AB1FCC4-64E4-4302-9029-A44E4447D188}.Release|Any CPU.Build.0 = Release|Any CPU
		{C94CD26C-7C15-45F6-918A-03C2DEFF2E59}.Debug|Any CPU.ActiveCfg = Debug|Any CPU
		{C94CD26C-7C15-45F6-918A-03C2DEFF2E59}.Debug|Any CPU.Build.0 = Debug|Any CPU
		{C94CD26C-7C15-45F6-918A-03C2DEFF2E59}.Release|Any CPU.ActiveCfg = Release|Any CPU
		{C94CD26C-7C15-45F6-918A-03C2DEFF2E59}.Release|Any CPU.Build.0 = Release|Any CPU
		{17EBABCA-4F24-4EF0-B596-EAC210C06F77}.Debug|Any CPU.ActiveCfg = Debug|Any CPU
		{17EBABCA-4F24-4EF0-B596-EAC210C06F77}.Debug|Any CPU.Build.0 = Debug|Any CPU
		{17EBABCA-4F24-4EF0-B596-EAC210C06F77}.Release|Any CPU.ActiveCfg = Release|Any CPU
		{17EBABCA-4F24-4EF0-B596-EAC210C06F77}.Release|Any CPU.Build.0 = Release|Any CPU
		{8B651696-5225-4DDB-8615-FD0375602D6B}.Debug|Any CPU.ActiveCfg = Debug|Any CPU
		{8B651696-5225-4DDB-8615-FD0375602D6B}.Debug|Any CPU.Build.0 = Debug|Any CPU
		{8B651696-5225-4DDB-8615-FD0375602D6B}.Release|Any CPU.ActiveCfg = Release|Any CPU
		{8B651696-5225-4DDB-8615-FD0375602D6B}.Release|Any CPU.Build.0 = Release|Any CPU
		{A97F9362-A47E-49A7-88DD-BAAABD8B37D2}.Debug|Any CPU.ActiveCfg = Debug|Any CPU
		{A97F9362-A47E-49A7-88DD-BAAABD8B37D2}.Debug|Any CPU.Build.0 = Debug|Any CPU
		{A97F9362-A47E-49A7-88DD-BAAABD8B37D2}.Release|Any CPU.ActiveCfg = Release|Any CPU
		{A97F9362-A47E-49A7-88DD-BAAABD8B37D2}.Release|Any CPU.Build.0 = Release|Any CPU
		{F6CF7704-A01E-4FDA-87F0-F9F2803921E7}.Debug|Any CPU.ActiveCfg = Debug|Any CPU
		{F6CF7704-A01E-4FDA-87F0-F9F2803921E7}.Debug|Any CPU.Build.0 = Debug|Any CPU
		{F6CF7704-A01E-4FDA-87F0-F9F2803921E7}.Release|Any CPU.ActiveCfg = Release|Any CPU
		{F6CF7704-A01E-4FDA-87F0-F9F2803921E7}.Release|Any CPU.Build.0 = Release|Any CPU
		{D16698A3-5BCC-46D0-AEAF-34F73DF41513}.Debug|Any CPU.ActiveCfg = Debug|Any CPU
		{D16698A3-5BCC-46D0-AEAF-34F73DF41513}.Debug|Any CPU.Build.0 = Debug|Any CPU
		{D16698A3-5BCC-46D0-AEAF-34F73DF41513}.Release|Any CPU.ActiveCfg = Release|Any CPU
		{D16698A3-5BCC-46D0-AEAF-34F73DF41513}.Release|Any CPU.Build.0 = Release|Any CPU
		{67889F83-8AA5-4F2E-9D79-75B316845A33}.Debug|Any CPU.ActiveCfg = Debug|Any CPU
		{67889F83-8AA5-4F2E-9D79-75B316845A33}.Debug|Any CPU.Build.0 = Debug|Any CPU
		{67889F83-8AA5-4F2E-9D79-75B316845A33}.Release|Any CPU.ActiveCfg = Release|Any CPU
		{67889F83-8AA5-4F2E-9D79-75B316845A33}.Release|Any CPU.Build.0 = Release|Any CPU
		{943FD55F-91A9-4361-89AE-55CE7C1C4714}.Debug|Any CPU.ActiveCfg = Debug|Any CPU
		{943FD55F-91A9-4361-89AE-55CE7C1C4714}.Debug|Any CPU.Build.0 = Debug|Any CPU
		{943FD55F-91A9-4361-89AE-55CE7C1C4714}.Release|Any CPU.ActiveCfg = Release|Any CPU
		{943FD55F-91A9-4361-89AE-55CE7C1C4714}.Release|Any CPU.Build.0 = Release|Any CPU
		{B3AF7BCC-1E55-405A-BAA6-7690126E9607}.Debug|Any CPU.ActiveCfg = Debug|Any CPU
		{B3AF7BCC-1E55-405A-BAA6-7690126E9607}.Debug|Any CPU.Build.0 = Debug|Any CPU
		{B3AF7BCC-1E55-405A-BAA6-7690126E9607}.Release|Any CPU.ActiveCfg = Release|Any CPU
		{B3AF7BCC-1E55-405A-BAA6-7690126E9607}.Release|Any CPU.Build.0 = Release|Any CPU
	EndGlobalSection
	GlobalSection(SolutionProperties) = preSolution
		HideSolutionNode = FALSE
	EndGlobalSection
	GlobalSection(NestedProjects) = preSolution
		{675B95E6-2277-44E4-9D29-C8BA92C55B8F} = {4A46A43C-6D79-455A-8039-355120211320}
		{93A58C27-047A-4C95-9A4D-BB10B1BF4512} = {4A46A43C-6D79-455A-8039-355120211320}
		{A32F3C43-2A64-46CE-9B84-7EA07A7E08E1} = {4A46A43C-6D79-455A-8039-355120211320}
		{7F6C83BB-8A56-43CF-82C0-B6D6DF8F8B3A} = {B75B5856-BD77-4339-8247-0FA02F8AAF4D}
		{4A46A43C-6D79-455A-8039-355120211320} = {97CACF4A-AA5F-4755-AB9D-C164B81B497E}
		{B75B5856-BD77-4339-8247-0FA02F8AAF4D} = {97CACF4A-AA5F-4755-AB9D-C164B81B497E}
		{473BA510-4088-4A23-9A9E-133273A5CC93} = {4A46A43C-6D79-455A-8039-355120211320}
		{8AB1FCC4-64E4-4302-9029-A44E4447D188} = {4A46A43C-6D79-455A-8039-355120211320}
		{C94CD26C-7C15-45F6-918A-03C2DEFF2E59} = {4A46A43C-6D79-455A-8039-355120211320}
		{8B651696-5225-4DDB-8615-FD0375602D6B} = {B75B5856-BD77-4339-8247-0FA02F8AAF4D}
		{3C842555-EA0B-4A1A-8AA1-589296C4C7C1} = {641ADFEA-5755-4724-9A95-237298626BDA}
		{32F24623-89BA-4085-92CE-E577BB2F520F} = {641ADFEA-5755-4724-9A95-237298626BDA}
		{30199D22-9C94-4259-99E0-96BFB51E85A8} = {641ADFEA-5755-4724-9A95-237298626BDA}
		{A97F9362-A47E-49A7-88DD-BAAABD8B37D2} = {3C842555-EA0B-4A1A-8AA1-589296C4C7C1}
		{9E366E19-579D-44C0-99A4-41A663FB073C} = {97CACF4A-AA5F-4755-AB9D-C164B81B497E}
		{F6CF7704-A01E-4FDA-87F0-F9F2803921E7} = {9E366E19-579D-44C0-99A4-41A663FB073C}
		{CC5F5F89-EFAE-4139-9A59-A3DD6C97FC0A} = {97CACF4A-AA5F-4755-AB9D-C164B81B497E}
		{D16698A3-5BCC-46D0-AEAF-34F73DF41513} = {CC5F5F89-EFAE-4139-9A59-A3DD6C97FC0A}
		{67889F83-8AA5-4F2E-9D79-75B316845A33} = {CC5F5F89-EFAE-4139-9A59-A3DD6C97FC0A}
		{943FD55F-91A9-4361-89AE-55CE7C1C4714} = {CC5F5F89-EFAE-4139-9A59-A3DD6C97FC0A}
	EndGlobalSection
	GlobalSection(ExtensibilityGlobals) = postSolution
		SolutionGuid = {A9A31BB7-D618-49AB-A06A-907C5BA16305}
	EndGlobalSection
EndGlobal
