
Microsoft Visual Studio Solution File, Format Version 12.00
# Visual Studio Version 17
VisualStudioVersion = 17.9.34526.213
MinimumVisualStudioVersion = 10.0.40219.1
Project("{9A19103F-16F7-4668-BE54-9A1E7A4F7556}") = "TunNetCom.AionTime.TimeLogService.Domain", "src\TunNetCom.AionTime.TimeLogService\TunNetCom.AionTime.TimeLogService.Domain\TunNetCom.AionTime.TimeLogService.Domain.csproj", "{675B95E6-2277-44E4-9D29-C8BA92C55B8F}"
EndProject
Project("{2150E333-8FDC-42A3-9474-1A3956D46DE8}") = "src", "src", "{97CACF4A-AA5F-4755-AB9D-C164B81B497E}"
EndProject
Project("{2150E333-8FDC-42A3-9474-1A3956D46DE8}") = "test", "test", "{641ADFEA-5755-4724-9A95-237298626BDA}"
EndProject
Project("{9A19103F-16F7-4668-BE54-9A1E7A4F7556}") = "TunNetCom.AionTime.TimeLogService.Budget.API", "src\TunNetCom.AionTime.TimeLogService\TunNetCom.AionTime.TimeLogService.Budget.API\TunNetCom.AionTime.TimeLogService.Budget.API.csproj", "{93A58C27-047A-4C95-9A4D-BB10B1BF4512}"
EndProject
Project("{2150E333-8FDC-42A3-9474-1A3956D46DE8}") = "results", "results", "{3D4380FC-A83B-4A48-91DD-FA9A1C4D33F7}"
EndProject
Project("{2150E333-8FDC-42A3-9474-1A3956D46DE8}") = "assets", "assets", "{16C90B73-DBFE-44C1-8A18-48BEDDDEBE6C}"
EndProject
Project("{9A19103F-16F7-4668-BE54-9A1E7A4F7556}") = "TunNetCom.AionTime.Test", "test\TunNetCom_Aion_Test\TunNetCom.AionTime.Test.csproj", "{A2598620-8079-4A8A-A9CD-1BCEC6FF7020}"
EndProject
Project("{9A19103F-16F7-4668-BE54-9A1E7A4F7556}") = "TunNetCom.AionTime.AzureDevopsService.API", "src\TunNetCom.AionTime.AzureDevopsService\TunNetCom.AionTime.AzureDevopsService.API\TunNetCom.AionTime.AzureDevopsService.API.csproj", "{46205348-F624-4030-858F-0CE85DB755FA}"
EndProject
Project("{00D1A9C2-B5F0-4AF3-8072-F6C62B433612}") = "TunNetCom.AionTime.TimeLogService.DataBase", "src\TunNetCom.AionTime.TimeLogService\TunNetCom.AionTime.TimeLogService.DataBase\TunNetCom.AionTime.TimeLogService.DataBase.sqlproj", "{A32F3C43-2A64-46CE-9B84-7EA07A7E08E1}"
EndProject
Project("{00D1A9C2-B5F0-4AF3-8072-F6C62B433612}") = "TunNetCom.AionTime.AzureDevopsService.Database", "src\TunNetCom.AionTime.AzureDevopsService\TunNetCom.AionTime.AzureDevopsService.Database\TunNetCom.AionTime.AzureDevopsService.Database.sqlproj", "{7F6C83BB-8A56-43CF-82C0-B6D6DF8F8B3A}"
EndProject
Project("{2150E333-8FDC-42A3-9474-1A3956D46DE8}") = "TunNetCom.AionTime.TimeLogService", "TunNetCom.AionTime.TimeLogService", "{4A46A43C-6D79-455A-8039-355120211320}"
EndProject
Project("{2150E333-8FDC-42A3-9474-1A3956D46DE8}") = "TunNetCom.AionTime.AzureDevopsService", "TunNetCom.AionTime.AzureDevopsService", "{B75B5856-BD77-4339-8247-0FA02F8AAF4D}"
EndProject
Global
	GlobalSection(SolutionConfigurationPlatforms) = preSolution
		Debug|Any CPU = Debug|Any CPU
		Release|Any CPU = Release|Any CPU
	EndGlobalSection
	GlobalSection(ProjectConfigurationPlatforms) = postSolution
		{675B95E6-2277-44E4-9D29-C8BA92C55B8F}.Debug|Any CPU.ActiveCfg = Debug|Any CPU
		{675B95E6-2277-44E4-9D29-C8BA92C55B8F}.Debug|Any CPU.Build.0 = Debug|Any CPU
		{675B95E6-2277-44E4-9D29-C8BA92C55B8F}.Release|Any CPU.ActiveCfg = Release|Any CPU
		{675B95E6-2277-44E4-9D29-C8BA92C55B8F}.Release|Any CPU.Build.0 = Release|Any CPU
		{93A58C27-047A-4C95-9A4D-BB10B1BF4512}.Debug|Any CPU.ActiveCfg = Debug|Any CPU
		{93A58C27-047A-4C95-9A4D-BB10B1BF4512}.Debug|Any CPU.Build.0 = Debug|Any CPU
		{93A58C27-047A-4C95-9A4D-BB10B1BF4512}.Release|Any CPU.ActiveCfg = Release|Any CPU
		{93A58C27-047A-4C95-9A4D-BB10B1BF4512}.Release|Any CPU.Build.0 = Release|Any CPU
		{A2598620-8079-4A8A-A9CD-1BCEC6FF7020}.Debug|Any CPU.ActiveCfg = Debug|Any CPU
		{A2598620-8079-4A8A-A9CD-1BCEC6FF7020}.Debug|Any CPU.Build.0 = Debug|Any CPU
		{A2598620-8079-4A8A-A9CD-1BCEC6FF7020}.Release|Any CPU.ActiveCfg = Release|Any CPU
		{A2598620-8079-4A8A-A9CD-1BCEC6FF7020}.Release|Any CPU.Build.0 = Release|Any CPU
		{46205348-F624-4030-858F-0CE85DB755FA}.Debug|Any CPU.ActiveCfg = Debug|Any CPU
		{46205348-F624-4030-858F-0CE85DB755FA}.Debug|Any CPU.Build.0 = Debug|Any CPU
		{46205348-F624-4030-858F-0CE85DB755FA}.Release|Any CPU.ActiveCfg = Release|Any CPU
		{46205348-F624-4030-858F-0CE85DB755FA}.Release|Any CPU.Build.0 = Release|Any CPU
		{A32F3C43-2A64-46CE-9B84-7EA07A7E08E1}.Debug|Any CPU.ActiveCfg = Debug|Any CPU
		{A32F3C43-2A64-46CE-9B84-7EA07A7E08E1}.Debug|Any CPU.Build.0 = Debug|Any CPU
		{A32F3C43-2A64-46CE-9B84-7EA07A7E08E1}.Debug|Any CPU.Deploy.0 = Debug|Any CPU
		{A32F3C43-2A64-46CE-9B84-7EA07A7E08E1}.Release|Any CPU.ActiveCfg = Release|Any CPU
		{A32F3C43-2A64-46CE-9B84-7EA07A7E08E1}.Release|Any CPU.Build.0 = Release|Any CPU
		{A32F3C43-2A64-46CE-9B84-7EA07A7E08E1}.Release|Any CPU.Deploy.0 = Release|Any CPU
		{7F6C83BB-8A56-43CF-82C0-B6D6DF8F8B3A}.Debug|Any CPU.ActiveCfg = Debug|Any CPU
		{7F6C83BB-8A56-43CF-82C0-B6D6DF8F8B3A}.Debug|Any CPU.Build.0 = Debug|Any CPU
		{7F6C83BB-8A56-43CF-82C0-B6D6DF8F8B3A}.Debug|Any CPU.Deploy.0 = Debug|Any CPU
		{7F6C83BB-8A56-43CF-82C0-B6D6DF8F8B3A}.Release|Any CPU.ActiveCfg = Release|Any CPU
		{7F6C83BB-8A56-43CF-82C0-B6D6DF8F8B3A}.Release|Any CPU.Build.0 = Release|Any CPU
		{7F6C83BB-8A56-43CF-82C0-B6D6DF8F8B3A}.Release|Any CPU.Deploy.0 = Release|Any CPU
	EndGlobalSection
	GlobalSection(SolutionProperties) = preSolution
		HideSolutionNode = FALSE
	EndGlobalSection
	GlobalSection(NestedProjects) = preSolution
		{675B95E6-2277-44E4-9D29-C8BA92C55B8F} = {4A46A43C-6D79-455A-8039-355120211320}
		{93A58C27-047A-4C95-9A4D-BB10B1BF4512} = {4A46A43C-6D79-455A-8039-355120211320}
		{A2598620-8079-4A8A-A9CD-1BCEC6FF7020} = {641ADFEA-5755-4724-9A95-237298626BDA}
		{46205348-F624-4030-858F-0CE85DB755FA} = {B75B5856-BD77-4339-8247-0FA02F8AAF4D}
		{A32F3C43-2A64-46CE-9B84-7EA07A7E08E1} = {4A46A43C-6D79-455A-8039-355120211320}
		{7F6C83BB-8A56-43CF-82C0-B6D6DF8F8B3A} = {B75B5856-BD77-4339-8247-0FA02F8AAF4D}
		{4A46A43C-6D79-455A-8039-355120211320} = {97CACF4A-AA5F-4755-AB9D-C164B81B497E}
		{B75B5856-BD77-4339-8247-0FA02F8AAF4D} = {97CACF4A-AA5F-4755-AB9D-C164B81B497E}
	EndGlobalSection
	GlobalSection(ExtensibilityGlobals) = postSolution
		SolutionGuid = {A9A31BB7-D618-49AB-A06A-907C5BA16305}
	EndGlobalSection
EndGlobal
